
Microsoft Visual Studio Solution File, Format Version 12.00
# Visual Studio Version 17
VisualStudioVersion = 17.14.36616.10
MinimumVisualStudioVersion = 10.0.40219.1
Project("{FAE04EC0-301F-11D3-BF4B-00C04F79EFBC}") = "Talabat.APIs", "Talabat.APIs\Talabat.APIs.csproj", "{5D457253-B487-4CFD-A631-6F0C7A5F1E8F}"
EndProject
Project("{FAE04EC0-301F-11D3-BF4B-00C04F79EFBC}") = "Talabat.Core", "Talabat.Core\Talabat.Core.csproj", "{1EF0DC88-0D5A-444F-B64D-145BBAD05D56}"
EndProject
Project("{FAE04EC0-301F-11D3-BF4B-00C04F79EFBC}") = "Talabat.Repository", "Talabat.Repository\Talabat.Repository.csproj", "{8DDF06B9-69B8-41B1-8D02-407D93ED9729}"
EndProject
Project("{FAE04EC0-301F-11D3-BF4B-00C04F79EFBC}") = "Talabat.Service", "Talabat.Service\Talabat.Service.csproj", "{4D31C7C3-19A8-4B03-8A39-FC8A4A4F21BB}"
EndProject
Global
	GlobalSection(SolutionConfigurationPlatforms) = preSolution
		Debug|Any CPU = Debug|Any CPU
		Release|Any CPU = Release|Any CPU
	EndGlobalSection
	GlobalSection(ProjectConfigurationPlatforms) = postSolution
		{5D457253-B487-4CFD-A631-6F0C7A5F1E8F}.Debug|Any CPU.ActiveCfg = Debug|Any CPU
		{5D457253-B487-4CFD-A631-6F0C7A5F1E8F}.Debug|Any CPU.Build.0 = Debug|Any CPU
		{5D457253-B487-4CFD-A631-6F0C7A5F1E8F}.Release|Any CPU.ActiveCfg = Release|Any CPU
		{5D457253-B487-4CFD-A631-6F0C7A5F1E8F}.Release|Any CPU.Build.0 = Release|Any CPU
		{1EF0DC88-0D5A-444F-B64D-145BBAD05D56}.Debug|Any CPU.ActiveCfg = Debug|Any CPU
		{1EF0DC88-0D5A-444F-B64D-145BBAD05D56}.Debug|Any CPU.Build.0 = Debug|Any CPU
		{1EF0DC88-0D5A-444F-B64D-145BBAD05D56}.Release|Any CPU.ActiveCfg = Release|Any CPU
		{1EF0DC88-0D5A-444F-B64D-145BBAD05D56}.Release|Any CPU.Build.0 = Release|Any CPU
		{8DDF06B9-69B8-41B1-8D02-407D93ED9729}.Debug|Any CPU.ActiveCfg = Debug|Any CPU
		{8DDF06B9-69B8-41B1-8D02-407D93ED9729}.Debug|Any CPU.Build.0 = Debug|Any CPU
		{8DDF06B9-69B8-41B1-8D02-407D93ED9729}.Release|Any CPU.ActiveCfg = Release|Any CPU
		{8DDF06B9-69B8-41B1-8D02-407D93ED9729}.Release|Any CPU.Build.0 = Release|Any CPU
		{4D31C7C3-19A8-4B03-8A39-FC8A4A4F21BB}.Debug|Any CPU.ActiveCfg = Debug|Any CPU
		{4D31C7C3-19A8-4B03-8A39-FC8A4A4F21BB}.Debug|Any CPU.Build.0 = Debug|Any CPU
		{4D31C7C3-19A8-4B03-8A39-FC8A4A4F21BB}.Release|Any CPU.ActiveCfg = Release|Any CPU
		{4D31C7C3-19A8-4B03-8A39-FC8A4A4F21BB}.Release|Any CPU.Build.0 = Release|Any CPU
	EndGlobalSection
	GlobalSection(SolutionProperties) = preSolution
		HideSolutionNode = FALSE
	EndGlobalSection
	GlobalSection(ExtensibilityGlobals) = postSolution
		SolutionGuid = {2ED17A72-C453-44AA-A66A-7CBA2E8D42BB}
	EndGlobalSection
EndGlobal
